
Microsoft Visual Studio Solution File, Format Version 12.00
# Visual Studio Version 16
VisualStudioVersion = 16.0.30503.244
MinimumVisualStudioVersion = 10.0.40219.1
Project("{9A19103F-16F7-4668-BE54-9A1E7A4F7556}") = "DenizKabacelik.JwtProje.Entities", "DenizKabacelik.JwtProje.Entities\DenizKabacelik.JwtProje.Entities.csproj", "{7841D6E0-5F7A-4242-B300-BBFBB9EB2A8E}"
EndProject
Project("{9A19103F-16F7-4668-BE54-9A1E7A4F7556}") = "DenizKabacelik.JwtProje.DataAccess", "DenizKabacelik.JwtProje.DataAccess\DenizKabacelik.JwtProje.DataAccess.csproj", "{FD59A7AF-34F1-4D73-8DB3-165C48A5EF88}"
EndProject
Project("{FAE04EC0-301F-11D3-BF4B-00C04F79EFBC}") = "DenizKabacelik.JwtProje.Bussiness", "DenizKabacelik.JwtProje.Bussiness\DenizKabacelik.JwtProje.Bussiness.csproj", "{8E35EC4E-C661-4FBB-B45A-554AE5CCD335}"
EndProject
Project("{FAE04EC0-301F-11D3-BF4B-00C04F79EFBC}") = "DenizKabacelik.JwtProje.WebApi", "DenizKabacelik.JwtProje.WebApi\DenizKabacelik.JwtProje.WebApi.csproj", "{4AC0B610-10E2-4B0D-9F15-19EC8DA8D811}"
EndProject
Global
	GlobalSection(SolutionConfigurationPlatforms) = preSolution
		Debug|Any CPU = Debug|Any CPU
		Release|Any CPU = Release|Any CPU
	EndGlobalSection
	GlobalSection(ProjectConfigurationPlatforms) = postSolution
		{7841D6E0-5F7A-4242-B300-BBFBB9EB2A8E}.Debug|Any CPU.ActiveCfg = Debug|Any CPU
		{7841D6E0-5F7A-4242-B300-BBFBB9EB2A8E}.Debug|Any CPU.Build.0 = Debug|Any CPU
		{7841D6E0-5F7A-4242-B300-BBFBB9EB2A8E}.Release|Any CPU.ActiveCfg = Release|Any CPU
		{7841D6E0-5F7A-4242-B300-BBFBB9EB2A8E}.Release|Any CPU.Build.0 = Release|Any CPU
		{FD59A7AF-34F1-4D73-8DB3-165C48A5EF88}.Debug|Any CPU.ActiveCfg = Debug|Any CPU
		{FD59A7AF-34F1-4D73-8DB3-165C48A5EF88}.Debug|Any CPU.Build.0 = Debug|Any CPU
		{FD59A7AF-34F1-4D73-8DB3-165C48A5EF88}.Release|Any CPU.ActiveCfg = Release|Any CPU
		{FD59A7AF-34F1-4D73-8DB3-165C48A5EF88}.Release|Any CPU.Build.0 = Release|Any CPU
		{8E35EC4E-C661-4FBB-B45A-554AE5CCD335}.Debug|Any CPU.ActiveCfg = Debug|Any CPU
		{8E35EC4E-C661-4FBB-B45A-554AE5CCD335}.Debug|Any CPU.Build.0 = Debug|Any CPU
		{8E35EC4E-C661-4FBB-B45A-554AE5CCD335}.Release|Any CPU.ActiveCfg = Release|Any CPU
		{8E35EC4E-C661-4FBB-B45A-554AE5CCD335}.Release|Any CPU.Build.0 = Release|Any CPU
		{4AC0B610-10E2-4B0D-9F15-19EC8DA8D811}.Debug|Any CPU.ActiveCfg = Debug|Any CPU
		{4AC0B610-10E2-4B0D-9F15-19EC8DA8D811}.Debug|Any CPU.Build.0 = Debug|Any CPU
		{4AC0B610-10E2-4B0D-9F15-19EC8DA8D811}.Release|Any CPU.ActiveCfg = Release|Any CPU
		{4AC0B610-10E2-4B0D-9F15-19EC8DA8D811}.Release|Any CPU.Build.0 = Release|Any CPU
	EndGlobalSection
	GlobalSection(SolutionProperties) = preSolution
		HideSolutionNode = FALSE
	EndGlobalSection
	GlobalSection(ExtensibilityGlobals) = postSolution
		SolutionGuid = {AAAC8316-4D32-4C6E-8DF6-FB7AC8EE14F2}
	EndGlobalSection
EndGlobal
